
Microsoft Visual Studio Solution File, Format Version 12.00
# Visual Studio Version 17
VisualStudioVersion = 17.4.33213.308
MinimumVisualStudioVersion = 10.0.40219.1
Project("{9A19103F-16F7-4668-BE54-9A1E7A4F7556}") = "ReferencePoints", "ReferencePoints\ReferencePoints.csproj", "{79F59B2A-6119-4C59-A7E2-CF0F76B5362C}"
EndProject
Project("{54435603-DBB4-11D2-8724-00A0C9A8B90C}") = "ReferencePointsSetup", "ReferencePointsSetup\ReferencePointsSetup.vdproj", "{B38B96AB-AD4F-4B7C-8DCF-827694B122E6}"
EndProject
Global
	GlobalSection(SolutionConfigurationPlatforms) = preSolution
		Debug|Any CPU = Debug|Any CPU
		Release|Any CPU = Release|Any CPU
	EndGlobalSection
	GlobalSection(ProjectConfigurationPlatforms) = postSolution
		{79F59B2A-6119-4C59-A7E2-CF0F76B5362C}.Debug|Any CPU.ActiveCfg = Debug|Any CPU
		{79F59B2A-6119-4C59-A7E2-CF0F76B5362C}.Debug|Any CPU.Build.0 = Debug|Any CPU
		{79F59B2A-6119-4C59-A7E2-CF0F76B5362C}.Release|Any CPU.ActiveCfg = Release|Any CPU
		{79F59B2A-6119-4C59-A7E2-CF0F76B5362C}.Release|Any CPU.Build.0 = Release|Any CPU
		{B38B96AB-AD4F-4B7C-8DCF-827694B122E6}.Debug|Any CPU.ActiveCfg = Debug
		{B38B96AB-AD4F-4B7C-8DCF-827694B122E6}.Release|Any CPU.ActiveCfg = Release
	EndGlobalSection
	GlobalSection(SolutionProperties) = preSolution
		HideSolutionNode = FALSE
	EndGlobalSection
	GlobalSection(ExtensibilityGlobals) = postSolution
		SolutionGuid = {B0D76C53-B3C3-4DD0-8FA5-65835C47C46C}
	EndGlobalSection
EndGlobal
